{
  "lockfile_version": "1",
  "packages": {
    "cmake@3.31.7": {
      "last_modified": "2025-09-18T16:33:27Z",
      "resolved": "github:NixOS/nixpkgs/f4b140d5b253f5e2a1ff4e5506edbf8267724bde#cmake",
      "source": "devbox-search",
      "version": "3.31.7",
      "systems": {
        "aarch64-darwin": {
          "outputs": [
            {
              "name": "out",
              "path": "/nix/store/qvv2ddin29xa8fqmsv567b6xlnhbvpv0-cmake-3.31.7",
              "default": true
            }
          ],
          "store_path": "/nix/store/qvv2ddin29xa8fqmsv567b6xlnhbvpv0-cmake-3.31.7"
        },
        "aarch64-linux": {
          "outputs": [
            {
              "name": "out",
              "path": "/nix/store/9v4ip3df0nx55vwqm1gvfiff0j0as7ik-cmake-3.31.7",
              "default": true
            },
            {
              "name": "debug",
              "path": "/nix/store/cyg5sn57n1d94y1xgnvi3pym27nbbb75-cmake-3.31.7-debug"
            }
          ],
          "store_path": "/nix/store/9v4ip3df0nx55vwqm1gvfiff0j0as7ik-cmake-3.31.7"
        },
        "x86_64-darwin": {
          "outputs": [
            {
              "name": "out",
              "path": "/nix/store/nwwacfh91ycnsipg1fm5rb1l0dpy66rn-cmake-3.31.7",
              "default": true
            }
          ],
          "store_path": "/nix/store/nwwacfh91ycnsipg1fm5rb1l0dpy66rn-cmake-3.31.7"
        },
        "x86_64-linux": {
          "outputs": [
            {
              "name": "out",
              "path": "/nix/store/a94d5zmalqava26y3hqsnj5l11l5kl5y-cmake-3.31.7",
              "default": true
            },
            {
              "name": "debug",
              "path": "/nix/store/r93w1wf9a5kdh7nr0yid9qyv02max01l-cmake-3.31.7-debug"
            }
          ],
          "store_path": "/nix/store/a94d5zmalqava26y3hqsnj5l11l5kl5y-cmake-3.31.7"
        }
      }
    },
    "github:NixOS/nixpkgs/nixpkgs-unstable": {
      "last_modified": "2025-10-27T19:50:41Z",
      "resolved": "github:NixOS/nixpkgs/1666250dbe4141e4ca8aaf89b40a3a51c2e36144?lastModified=1761594641&narHash=sha256-sImk6SJQASDLQo8l%2B0zWWaBgg7TueLS6lTvdH5pBZpo%3D"
    },
    "python38Packages.pipx@latest": {
      "last_modified": "2022-01-01T05:55:45Z",
      "resolved": "github:NixOS/nixpkgs/6f05cfdb1e78d36c0337516df674560e4b51c79b#python38Packages.pipx",
      "source": "devbox-search",
      "version": "0.17.0"
    },
    "python@3.8.18": {
      "last_modified": "2024-02-24T23:06:34Z",
      "plugin_version": "0.0.4",
      "resolved": "github:NixOS/nixpkgs/9a9dae8f6319600fa9aebde37f340975cab4b8c0#python38",
      "source": "devbox-search",
      "version": "3.8.18",
      "systems": {
        "aarch64-darwin": {
          "outputs": [
            {
              "name": "out",
              "path": "/nix/store/xkaihl9v2k0jgsxyv8kgsxxms731la4d-python3-3.8.18",
              "default": true
            }
          ],
          "store_path": "/nix/store/xkaihl9v2k0jgsxyv8kgsxxms731la4d-python3-3.8.18"
        },
        "aarch64-linux": {
          "outputs": [
            {
              "name": "out",
              "path": "/nix/store/avgn18piafm2935f53mj06cvrkkc3dyd-python3-3.8.18",
              "default": true
            },
            {
              "name": "debug",
              "path": "/nix/store/bz6x6m9qgf4977mgyp0llg3inz9cqyq7-python3-3.8.18-debug"
            }
          ],
          "store_path": "/nix/store/avgn18piafm2935f53mj06cvrkkc3dyd-python3-3.8.18"
        },
        "x86_64-darwin": {
          "outputs": [
            {
              "name": "out",
              "path": "/nix/store/a2gci4bxwvw28dvdjdz78ywb1mll7z6v-python3-3.8.18",
              "default": true
            }
          ],
          "store_path": "/nix/store/a2gci4bxwvw28dvdjdz78ywb1mll7z6v-python3-3.8.18"
        },
        "x86_64-linux": {
          "outputs": [
            {
              "name": "out",
              "path": "/nix/store/hm099k89if69wzd2p374qmi2qkcdg74g-python3-3.8.18",
              "default": true
            },
            {
              "name": "debug",
              "path": "/nix/store/kdaf743rnclpw5slqaxmiq3fxa6iqd7x-python3-3.8.18-debug"
            }
          ],
          "store_path": "/nix/store/hm099k89if69wzd2p374qmi2qkcdg74g-python3-3.8.18"
        }
      }
    },
    "ruby@latest": {
      "last_modified": "2025-10-09T02:37:25Z",
      "plugin_version": "0.0.2",
      "resolved": "github:NixOS/nixpkgs/2dad7af78a183b6c486702c18af8a9544f298377#ruby_3_4",
      "source": "devbox-search",
      "version": "3.4.7",
      "systems": {
        "aarch64-darwin": {
          "outputs": [
            {
              "name": "out",
              "path": "/nix/store/apawwv6ln4qlhar4x31hk83x35d88d4n-ruby-3.4.7",
              "default": true
            },
            {
              "name": "devdoc",
              "path": "/nix/store/hwsjj4lwr4j6i4s71kgn82pq3wqdyk84-ruby-3.4.7-devdoc"
            }
          ],
          "store_path": "/nix/store/apawwv6ln4qlhar4x31hk83x35d88d4n-ruby-3.4.7"
        },
        "aarch64-linux": {
          "outputs": [
            {
              "name": "out",
              "path": "/nix/store/wxx9v5gnz8nm8rwzy6snbkrbf859j0dp-ruby-3.4.7",
              "default": true
            },
            {
              "name": "devdoc",
              "path": "/nix/store/iij6p6v02ffajhy821hz48q24a5rzc0i-ruby-3.4.7-devdoc"
            }
          ],
          "store_path": "/nix/store/wxx9v5gnz8nm8rwzy6snbkrbf859j0dp-ruby-3.4.7"
        },
        "x86_64-darwin": {
          "outputs": [
            {
              "name": "out",
              "path": "/nix/store/8qdy0dzskl8n46ywhmirkmhlrvsshc76-ruby-3.4.7",
              "default": true
            },
            {
              "name": "devdoc",
              "path": "/nix/store/9wlpxwwrxs3bw9aqyl80sr4kvsrpvxan-ruby-3.4.7-devdoc"
            }
          ],
          "store_path": "/nix/store/8qdy0dzskl8n46ywhmirkmhlrvsshc76-ruby-3.4.7"
        },
        "x86_64-linux": {
          "outputs": [
            {
              "name": "out",
              "path": "/nix/store/lgf2l2wkr5845485qw254skgc0bdvbnc-ruby-3.4.7",
              "default": true
            },
            {
              "name": "devdoc",
              "path": "/nix/store/shxiyxnzkw8wk1xm1v7l2n61w9wpxqkm-ruby-3.4.7-devdoc"
            }
          ],
          "store_path": "/nix/store/lgf2l2wkr5845485qw254skgc0bdvbnc-ruby-3.4.7"
        }
      }
    }
  }
}
